
Microsoft Visual Studio Solution File, Format Version 11.00
# Visual Studio 2010
Project("{FAE04EC0-301F-11D3-BF4B-00C04F79EFBC}") = "Destress", "Assembly-CSharp.csproj", "{EAF453E1-97DE-C4EF-1444-2BD9EFAB110A}"
EndProject
Project("{FAE04EC0-301F-11D3-BF4B-00C04F79EFBC}") = "Destress", "Assembly-CSharp-Editor.csproj", "{151071FA-E1D2-BEB3-6768-E950B7DC18C0}"
EndProject
Global
	GlobalSection(SolutionConfigurationPlatforms) = preSolution
		Debug|Any CPU = Debug|Any CPU
		Release|Any CPU = Release|Any CPU
	EndGlobalSection
	GlobalSection(ProjectConfigurationPlatforms) = postSolution
		{EAF453E1-97DE-C4EF-1444-2BD9EFAB110A}.Debug|Any CPU.ActiveCfg = Debug|Any CPU
		{EAF453E1-97DE-C4EF-1444-2BD9EFAB110A}.Debug|Any CPU.Build.0 = Debug|Any CPU
		{EAF453E1-97DE-C4EF-1444-2BD9EFAB110A}.Release|Any CPU.ActiveCfg = Release|Any CPU
		{EAF453E1-97DE-C4EF-1444-2BD9EFAB110A}.Release|Any CPU.Build.0 = Release|Any CPU
		{151071FA-E1D2-BEB3-6768-E950B7DC18C0}.Debug|Any CPU.ActiveCfg = Debug|Any CPU
		{151071FA-E1D2-BEB3-6768-E950B7DC18C0}.Debug|Any CPU.Build.0 = Debug|Any CPU
		{151071FA-E1D2-BEB3-6768-E950B7DC18C0}.Release|Any CPU.ActiveCfg = Release|Any CPU
		{151071FA-E1D2-BEB3-6768-E950B7DC18C0}.Release|Any CPU.Build.0 = Release|Any CPU
	EndGlobalSection
	GlobalSection(SolutionProperties) = preSolution
		HideSolutionNode = FALSE
	EndGlobalSection
	GlobalSection(MonoDevelopProperties) = preSolution
		StartupItem = Assembly-CSharp.csproj
	EndGlobalSection
EndGlobal
