
Microsoft Visual Studio Solution File, Format Version 11.00
# Visual Studio 2010
Project("{FAE04EC0-301F-11D3-BF4B-00C04F79EFBC}") = "Destressor", "Assembly-CSharp.csproj", "{EDDAA731-D853-AB13-1E3B-C2599588DAD3}"
EndProject
Project("{FAE04EC0-301F-11D3-BF4B-00C04F79EFBC}") = "Destressor", "Assembly-CSharp-Editor.csproj", "{AF66EC51-2062-D9C1-7AD1-1EF1064F33FB}"
EndProject
Project("{006D7D16-2CA9-F9AA-7DE4-09B525F2C0D8}") = "Destressor", "Assembly-UnityScript-Editor.unityproj", "{EBDEF9A0-346C-C327-2B4F-FCC264F881A6}"
EndProject
Global
	GlobalSection(SolutionConfigurationPlatforms) = preSolution
		Debug|Any CPU = Debug|Any CPU
		Release|Any CPU = Release|Any CPU
	EndGlobalSection
	GlobalSection(ProjectConfigurationPlatforms) = postSolution
		{EDDAA731-D853-AB13-1E3B-C2599588DAD3}.Debug|Any CPU.ActiveCfg = Debug|Any CPU
		{EDDAA731-D853-AB13-1E3B-C2599588DAD3}.Debug|Any CPU.Build.0 = Debug|Any CPU
		{EDDAA731-D853-AB13-1E3B-C2599588DAD3}.Release|Any CPU.ActiveCfg = Release|Any CPU
		{EDDAA731-D853-AB13-1E3B-C2599588DAD3}.Release|Any CPU.Build.0 = Release|Any CPU
		{AF66EC51-2062-D9C1-7AD1-1EF1064F33FB}.Debug|Any CPU.ActiveCfg = Debug|Any CPU
		{AF66EC51-2062-D9C1-7AD1-1EF1064F33FB}.Debug|Any CPU.Build.0 = Debug|Any CPU
		{AF66EC51-2062-D9C1-7AD1-1EF1064F33FB}.Release|Any CPU.ActiveCfg = Release|Any CPU
		{AF66EC51-2062-D9C1-7AD1-1EF1064F33FB}.Release|Any CPU.Build.0 = Release|Any CPU
		{EBDEF9A0-346C-C327-2B4F-FCC264F881A6}.Debug|Any CPU.ActiveCfg = Debug|Any CPU
		{EBDEF9A0-346C-C327-2B4F-FCC264F881A6}.Debug|Any CPU.Build.0 = Debug|Any CPU
		{EBDEF9A0-346C-C327-2B4F-FCC264F881A6}.Release|Any CPU.ActiveCfg = Release|Any CPU
		{EBDEF9A0-346C-C327-2B4F-FCC264F881A6}.Release|Any CPU.Build.0 = Release|Any CPU
	EndGlobalSection
	GlobalSection(SolutionProperties) = preSolution
		HideSolutionNode = FALSE
	EndGlobalSection
	GlobalSection(MonoDevelopProperties) = preSolution
		StartupItem = Assembly-CSharp.csproj
	EndGlobalSection
EndGlobal
